
Microsoft Visual Studio Solution File, Format Version 12.00
# Visual Studio 14
VisualStudioVersion = 14.0.25420.1
MinimumVisualStudioVersion = 10.0.40219.1
Project("{FAE04EC0-301F-11D3-BF4B-00C04F79EFBC}") = "AmoCRM", "AmoCRM\AmoCRM.csproj", "{51591A5B-212A-4EE0-8F1B-72BBA785498F}"
EndProject
Project("{FAE04EC0-301F-11D3-BF4B-00C04F79EFBC}") = "CallAmoCRM", "CallAmoCRM\CallAmoCRM.csproj", "{92B9FAAA-D932-4F43-A93F-B36E25F6632B}"
EndProject
Global
	GlobalSection(SolutionConfigurationPlatforms) = preSolution
		Debug|Any CPU = Debug|Any CPU
		Release|Any CPU = Release|Any CPU
	EndGlobalSection
	GlobalSection(ProjectConfigurationPlatforms) = postSolution
		{51591A5B-212A-4EE0-8F1B-72BBA785498F}.Debug|Any CPU.ActiveCfg = Debug|Any CPU
		{51591A5B-212A-4EE0-8F1B-72BBA785498F}.Debug|Any CPU.Build.0 = Debug|Any CPU
		{51591A5B-212A-4EE0-8F1B-72BBA785498F}.Release|Any CPU.ActiveCfg = Release|Any CPU
		{51591A5B-212A-4EE0-8F1B-72BBA785498F}.Release|Any CPU.Build.0 = Release|Any CPU
		{92B9FAAA-D932-4F43-A93F-B36E25F6632B}.Debug|Any CPU.ActiveCfg = Debug|Any CPU
		{92B9FAAA-D932-4F43-A93F-B36E25F6632B}.Debug|Any CPU.Build.0 = Debug|Any CPU
		{92B9FAAA-D932-4F43-A93F-B36E25F6632B}.Release|Any CPU.ActiveCfg = Release|Any CPU
		{92B9FAAA-D932-4F43-A93F-B36E25F6632B}.Release|Any CPU.Build.0 = Release|Any CPU
	EndGlobalSection
	GlobalSection(SolutionProperties) = preSolution
		HideSolutionNode = FALSE
	EndGlobalSection
EndGlobal
